// !$*UTF8*$!
{
	archiveVersion = 1;
	classes = {
	};
	objectVersion = 50;
	objects = {

/* Begin PBXBuildFile section */
		881A395D240308CC001FBFC3 /* AppDelegate.swift in Sources */ = {isa = PBXBuildFile; fileRef = 881A395C240308CC001FBFC3 /* AppDelegate.swift */; };
		881A395F240308CC001FBFC3 /* SceneDelegate.swift in Sources */ = {isa = PBXBuildFile; fileRef = 881A395E240308CC001FBFC3 /* SceneDelegate.swift */; };
		881A3961240308CC001FBFC3 /* ViewController.swift in Sources */ = {isa = PBXBuildFile; fileRef = 881A3960240308CC001FBFC3 /* ViewController.swift */; };
		881A3964240308CC001FBFC3 /* Main.storyboard in Resources */ = {isa = PBXBuildFile; fileRef = 881A3962240308CC001FBFC3 /* Main.storyboard */; };
		881A3966240308CD001FBFC3 /* Assets.xcassets in Resources */ = {isa = PBXBuildFile; fileRef = 881A3965240308CD001FBFC3 /* Assets.xcassets */; };
		881A3969240308CD001FBFC3 /* LaunchScreen.storyboard in Resources */ = {isa = PBXBuildFile; fileRef = 881A3967240308CD001FBFC3 /* LaunchScreen.storyboard */; };
		881A397124030940001FBFC3 /* DVRViewController.swift in Sources */ = {isa = PBXBuildFile; fileRef = 881A397024030940001FBFC3 /* DVRViewController.swift */; };
/* End PBXBuildFile section */

/* Begin PBXFileReference section */
		881A3959240308CC001FBFC3 /* DKrebs_MockRemoteIIHW6.app */ = {isa = PBXFileReference; explicitFileType = wrapper.application; includeInIndex = 0; path = DKrebs_MockRemoteIIHW6.app; sourceTree = BUILT_PRODUCTS_DIR; };
		881A395C240308CC001FBFC3 /* AppDelegate.swift */ = {isa = PBXFileReference; lastKnownFileType = sourcecode.swift; path = AppDelegate.swift; sourceTree = "<group>"; };
		881A395E240308CC001FBFC3 /* SceneDelegate.swift */ = {isa = PBXFileReference; lastKnownFileType = sourcecode.swift; path = SceneDelegate.swift; sourceTree = "<group>"; };
		881A3960240308CC001FBFC3 /* ViewController.swift */ = {isa = PBXFileReference; lastKnownFileType = sourcecode.swift; path = ViewController.swift; sourceTree = "<group>"; };
		881A3963240308CC001FBFC3 /* Base */ = {isa = PBXFileReference; lastKnownFileType = file.storyboard; name = Base; path = Base.lproj/Main.storyboard; sourceTree = "<group>"; };
		881A3965240308CD001FBFC3 /* Assets.xcassets */ = {isa = PBXFileReference; lastKnownFileType = folder.assetcatalog; path = Assets.xcassets; sourceTree = "<group>"; };
		881A3968240308CD001FBFC3 /* Base */ = {isa = PBXFileReference; lastKnownFileType = file.storyboard; name = Base; path = Base.lproj/LaunchScreen.storyboard; sourceTree = "<group>"; };
		881A396A240308CD001FBFC3 /* Info.plist */ = {isa = PBXFileReference; lastKnownFileType = text.plist.xml; path = Info.plist; sourceTree = "<group>"; };
		881A397024030940001FBFC3 /* DVRViewController.swift */ = {isa = PBXFileReference; lastKnownFileType = sourcecode.swift; path = DVRViewController.swift; sourceTree = "<group>"; };
/* End PBXFileReference section */

/* Begin PBXFrameworksBuildPhase section */
		881A3956240308CC001FBFC3 /* Frameworks */ = {
			isa = PBXFrameworksBuildPhase;
			buildActionMask = 2147483647;
			files = (
			);
			runOnlyForDeploymentPostprocessing = 0;
		};
/* End PBXFrameworksBuildPhase section */

/* Begin PBXGroup section */
		881A3950240308CC001FBFC3 = {
			isa = PBXGroup;
			children = (
				881A395B240308CC001FBFC3 /* DKrebs_MockRemoteIIHW6 */,
				881A395A240308CC001FBFC3 /* Products */,
			);
			sourceTree = "<group>";
		};
		881A395A240308CC001FBFC3 /* Products */ = {
			isa = PBXGroup;
			children = (
				881A3959240308CC001FBFC3 /* DKrebs_MockRemoteIIHW6.app */,
			);
			name = Products;
			sourceTree = "<group>";
		};
		881A395B240308CC001FBFC3 /* DKrebs_MockRemoteIIHW6 */ = {
			isa = PBXGroup;
			children = (
				881A395C240308CC001FBFC3 /* AppDelegate.swift */,
				881A395E240308CC001FBFC3 /* SceneDelegate.swift */,
				881A3960240308CC001FBFC3 /* ViewController.swift */,
				881A3962240308CC001FBFC3 /* Main.storyboard */,
				881A397024030940001FBFC3 /* DVRViewController.swift */,
				881A3965240308CD001FBFC3 /* Assets.xcassets */,
				881A3967240308CD001FBFC3 /* LaunchScreen.storyboard */,
				881A396A240308CD001FBFC3 /* Info.plist */,
			);
			path = DKrebs_MockRemoteIIHW6;
			sourceTree = "<group>";
		};
/* End PBXGroup section */

/* Begin PBXNativeTarget section */
		881A3958240308CC001FBFC3 /* DKrebs_MockRemoteIIHW6 */ = {
			isa = PBXNativeTarget;
			buildConfigurationList = 881A396D240308CD001FBFC3 /* Build configuration list for PBXNativeTarget "DKrebs_MockRemoteIIHW6" */;
			buildPhases = (
				881A3955240308CC001FBFC3 /* Sources */,
				881A3956240308CC001FBFC3 /* Frameworks */,
				881A3957240308CC001FBFC3 /* Resources */,
			);
			buildRules = (
			);
			dependencies = (
			);
			name = DKrebs_MockRemoteIIHW6;
			productName = DKrebs_MockRemoteIIHW6;
			productReference = 881A3959240308CC001FBFC3 /* DKrebs_MockRemoteIIHW6.app */;
			productType = "com.apple.product-type.application";
		};
/* End PBXNativeTarget section */

/* Begin PBXProject section */
		881A3951240308CC001FBFC3 /* Project object */ = {
			isa = PBXProject;
			attributes = {
				LastSwiftUpdateCheck = 1130;
				LastUpgradeCheck = 1130;
				ORGANIZATIONNAME = "DePaul University CDM";
				TargetAttributes = {
					881A3958240308CC001FBFC3 = {
						CreatedOnToolsVersion = 11.3.1;
					};
				};
			};
			buildConfigurationList = 881A3954240308CC001FBFC3 /* Build configuration list for PBXProject "DKrebs_MockRemoteIIHW6" */;
			compatibilityVersion = "Xcode 9.3";
			developmentRegion = en;
			hasScannedForEncodings = 0;
			knownRegions = (
				en,
				Base,
			);
			mainGroup = 881A3950240308CC001FBFC3;
			productRefGroup = 881A395A240308CC001FBFC3 /* Products */;
			projectDirPath = "";
			projectRoot = "";
			targets = (
				881A3958240308CC001FBFC3 /* DKrebs_MockRemoteIIHW6 */,
			);
		};
/* End PBXProject section */

/* Begin PBXResourcesBuildPhase section */
		881A3957240308CC001FBFC3 /* Resources */ = {
			isa = PBXResourcesBuildPhase;
			buildActionMask = 2147483647;
			files = (
				881A3969240308CD001FBFC3 /* LaunchScreen.storyboard in Resources */,
				881A3966240308CD001FBFC3 /* Assets.xcassets in Resources */,
				881A3964240308CC001FBFC3 /* Main.storyboard in Resources */,
			);
			runOnlyForDeploymentPostprocessing = 0;
		};
/* End PBXResourcesBuildPhase section */

/* Begin PBXSourcesBuildPhase section */
		881A3955240308CC001FBFC3 /* Sources */ = {
			isa = PBXSourcesBuildPhase;
			buildActionMask = 2147483647;
			files = (
				881A3961240308CC001FBFC3 /* ViewController.swift in Sources */,
				881A397124030940001FBFC3 /* DVRViewController.swift in Sources */,
				881A395D240308CC001FBFC3 /* AppDelegate.swift in Sources */,
				881A395F240308CC001FBFC3 /* SceneDelegate.swift in Sources */,
			);
			runOnlyForDeploymentPostprocessing = 0;
		};
/* End PBXSourcesBuildPhase section */

/* Begin PBXVariantGroup section */
		881A3962240308CC001FBFC3 /* Main.storyboard */ = {
			isa = PBXVariantGroup;
			children = (
				881A3963240308CC001FBFC3 /* Base */,
			);
			name = Main.storyboard;
			sourceTree = "<group>";
		};
		881A3967240308CD001FBFC3 /* LaunchScreen.storyboard */ = {
			isa = PBXVariantGroup;
			children = (
				881A3968240308CD001FBFC3 /* Base */,
			);
			name = LaunchScreen.storyboard;
			sourceTree = "<group>";
		};
/* End PBXVariantGroup section */

/* Begin XCBuildConfiguration section */
		881A396B240308CD001FBFC3 /* Debug */ = {
			isa = XCBuildConfiguration;
			buildSettings = {
				ALWAYS_SEARCH_USER_PATHS = NO;
				CLANG_ANALYZER_NONNULL = YES;
				CLANG_ANALYZER_NUMBER_OBJECT_CONVERSION = YES_AGGRESSIVE;
				CLANG_CXX_LANGUAGE_STANDARD = "gnu++14";
				CLANG_CXX_LIBRARY = "libc++";
				CLANG_ENABLE_MODULES = YES;
				CLANG_ENABLE_OBJC_ARC = YES;
				CLANG_ENABLE_OBJC_WEAK = YES;
				CLANG_WARN_BLOCK_CAPTURE_AUTORELEASING = YES;
				CLANG_WARN_BOOL_CONVERSION = YES;
				CLANG_WARN_COMMA = YES;
				CLANG_WARN_CONSTANT_CONVERSION = YES;
				CLANG_WARN_DEPRECATED_OBJC_IMPLEMENTATIONS = YES;
				CLANG_WARN_DIRECT_OBJC_ISA_USAGE = YES_ERROR;
				CLANG_WARN_DOCUMENTATION_COMMENTS = YES;
				CLANG_WARN_EMPTY_BODY = YES;
				CLANG_WARN_ENUM_CONVERSION = YES;
				CLANG_WARN_INFINITE_RECURSION = YES;
				CLANG_WARN_INT_CONVERSION = YES;
				CLANG_WARN_NON_LITERAL_NULL_CONVERSION = YES;
				CLANG_WARN_OBJC_IMPLICIT_RETAIN_SELF = YES;
				CLANG_WARN_OBJC_LITERAL_CONVERSION = YES;
				CLANG_WARN_OBJC_ROOT_CLASS = YES_ERROR;
				CLANG_WARN_RANGE_LOOP_ANALYSIS = YES;
				CLANG_WARN_STRICT_PROTOTYPES = YES;
				CLANG_WARN_SUSPICIOUS_MOVE = YES;
				CLANG_WARN_UNGUARDED_AVAILABILITY = YES_AGGRESSIVE;
				CLANG_WARN_UNREACHABLE_CODE = YES;
				CLANG_WARN__DUPLICATE_METHOD_MATCH = YES;
				COPY_PHASE_STRIP = NO;
				DEBUG_INFORMATION_FORMAT = dwarf;
				ENABLE_STRICT_OBJC_MSGSEND = YES;
				ENABLE_TESTABILITY = YES;
				GCC_C_LANGUAGE_STANDARD = gnu11;
				GCC_DYNAMIC_NO_PIC = NO;
				GCC_NO_COMMON_BLOCKS = YES;
				GCC_OPTIMIZATION_LEVEL = 0;
				GCC_PREPROCESSOR_DEFINITIONS = (
					"DEBUG=1",
					"$(inherited)",
				);
				GCC_WARN_64_TO_32_BIT_CONVERSION = YES;
				GCC_WARN_ABOUT_RETURN_TYPE = YES_ERROR;
				GCC_WARN_UNDECLARED_SELECTOR = YES;
				GCC_WARN_UNINITIALIZED_AUTOS = YES_AGGRESSIVE;
				GCC_WARN_UNUSED_FUNCTION = YES;
				GCC_WARN_UNUSED_VARIABLE = YES;
				IPHONEOS_DEPLOYMENT_TARGET = 13.2;
				MTL_ENABLE_DEBUG_INFO = INCLUDE_SOURCE;
				MTL_FAST_MATH = YES;
				ONLY_ACTIVE_ARCH = YES;
				SDKROOT = iphoneos;
				SWIFT_ACTIVE_COMPILATION_CONDITIONS = DEBUG;
				SWIFT_OPTIMIZATION_LEVEL = "-Onone";
			};
			name = Debug;
		};
		881A396C240308CD001FBFC3 /* Release */ = {
			isa = XCBuildConfiguration;
			buildSettings = {
				ALWAYS_SEARCH_USER_PATHS = NO;
				CLANG_ANALYZER_NONNULL = YES;
				CLANG_ANALYZER_NUMBER_OBJECT_CONVERSION = YES_AGGRESSIVE;
				CLANG_CXX_LANGUAGE_STANDARD = "gnu++14";
				CLANG_CXX_LIBRARY = "libc++";
				CLANG_ENABLE_MODULES = YES;
				CLANG_ENABLE_OBJC_ARC = YES;
				CLANG_ENABLE_OBJC_WEAK = YES;
				CLANG_WARN_BLOCK_CAPTURE_AUTORELEASING = YES;
				CLANG_WARN_BOOL_CONVERSION = YES;
				CLANG_WARN_COMMA = YES;
				CLANG_WARN_CONSTANT_CONVERSION = YES;
				CLANG_WARN_DEPRECATED_OBJC_IMPLEMENTATIONS = YES;
				CLANG_WARN_DIRECT_OBJC_ISA_USAGE = YES_ERROR;
				CLANG_WARN_DOCUMENTATION_COMMENTS = YES;
				CLANG_WARN_EMPTY_BODY = YES;
				CLANG_WARN_ENUM_CONVERSION = YES;
				CLANG_WARN_INFINITE_RECURSION = YES;
				CLANG_WARN_INT_CONVERSION = YES;
				CLANG_WARN_NON_LITERAL_NULL_CONVERSION = YES;
				CLANG_WARN_OBJC_IMPLICIT_RETAIN_SELF = YES;
				CLANG_WARN_OBJC_LITERAL_CONVERSION = YES;
				CLANG_WARN_OBJC_ROOT_CLASS = YES_ERROR;
				CLANG_WARN_RANGE_LOOP_ANALYSIS = YES;
				CLANG_WARN_STRICT_PROTOTYPES = YES;
				CLANG_WARN_SUSPICIOUS_MOVE = YES;
				CLANG_WARN_UNGUARDED_AVAILABILITY = YES_AGGRESSIVE;
				CLANG_WARN_UNREACHABLE_CODE = YES;
				CLANG_WARN__DUPLICATE_METHOD_MATCH = YES;
				COPY_PHASE_STRIP = NO;
				DEBUG_INFORMATION_FORMAT = "dwarf-with-dsym";
				ENABLE_NS_ASSERTIONS = NO;
				ENABLE_STRICT_OBJC_MSGSEND = YES;
				GCC_C_LANGUAGE_STANDARD = gnu11;
				GCC_NO_COMMON_BLOCKS = YES;
				GCC_WARN_64_TO_32_BIT_CONVERSION = YES;
				GCC_WARN_ABOUT_RETURN_TYPE = YES_ERROR;
				GCC_WARN_UNDECLARED_SELECTOR = YES;
				GCC_WARN_UNINITIALIZED_AUTOS = YES_AGGRESSIVE;
				GCC_WARN_UNUSED_FUNCTION = YES;
				GCC_WARN_UNUSED_VARIABLE = YES;
				IPHONEOS_DEPLOYMENT_TARGET = 13.2;
				MTL_ENABLE_DEBUG_INFO = NO;
				MTL_FAST_MATH = YES;
				SDKROOT = iphoneos;
				SWIFT_COMPILATION_MODE = wholemodule;
				SWIFT_OPTIMIZATION_LEVEL = "-O";
				VALIDATE_PRODUCT = YES;
			};
			name = Release;
		};
		881A396E240308CD001FBFC3 /* Debug */ = {
			isa = XCBuildConfiguration;
			buildSettings = {
				ASSETCATALOG_COMPILER_APPICON_NAME = AppIcon;
				CODE_SIGN_STYLE = Automatic;
				DEVELOPMENT_TEAM = MQ79U7S5FQ;
				INFOPLIST_FILE = DKrebs_MockRemoteIIHW6/Info.plist;
				LD_RUNPATH_SEARCH_PATHS = (
					"$(inherited)",
					"@executable_path/Frameworks",
				);
				PRODUCT_BUNDLE_IDENTIFIER = "edu.depaul.csc471.DKrebs-MockRemoteIIHW6";
				PRODUCT_NAME = "$(TARGET_NAME)";
				SWIFT_VERSION = 5.0;
				TARGETED_DEVICE_FAMILY = "1,2";
			};
			name = Debug;
		};
		881A396F240308CD001FBFC3 /* Release */ = {
			isa = XCBuildConfiguration;
			buildSettings = {
				ASSETCATALOG_COMPILER_APPICON_NAME = AppIcon;
				CODE_SIGN_STYLE = Automatic;
				DEVELOPMENT_TEAM = MQ79U7S5FQ;
				INFOPLIST_FILE = DKrebs_MockRemoteIIHW6/Info.plist;
				LD_RUNPATH_SEARCH_PATHS = (
					"$(inherited)",
					"@executable_path/Frameworks",
				);
				PRODUCT_BUNDLE_IDENTIFIER = "edu.depaul.csc471.DKrebs-MockRemoteIIHW6";
				PRODUCT_NAME = "$(TARGET_NAME)";
				SWIFT_VERSION = 5.0;
				TARGETED_DEVICE_FAMILY = "1,2";
			};
			name = Release;
		};
/* End XCBuildConfiguration section */

/* Begin XCConfigurationList section */
		881A3954240308CC001FBFC3 /* Build configuration list for PBXProject "DKrebs_MockRemoteIIHW6" */ = {
			isa = XCConfigurationList;
			buildConfigurations = (
				881A396B240308CD001FBFC3 /* Debug */,
				881A396C240308CD001FBFC3 /* Release */,
			);
			defaultConfigurationIsVisible = 0;
			defaultConfigurationName = Release;
		};
		881A396D240308CD001FBFC3 /* Build configuration list for PBXNativeTarget "DKrebs_MockRemoteIIHW6" */ = {
			isa = XCConfigurationList;
			buildConfigurations = (
				881A396E240308CD001FBFC3 /* Debug */,
				881A396F240308CD001FBFC3 /* Release */,
			);
			defaultConfigurationIsVisible = 0;
			defaultConfigurationName = Release;
		};
/* End XCConfigurationList section */
	};
	rootObject = 881A3951240308CC001FBFC3 /* Project object */;
}
